
Microsoft Visual Studio Solution File, Format Version 12.00
# Visual Studio 15
Project("{FAE04EC0-301F-11D3-BF4B-00C04F79EFBC}") = "Assembly-CSharp", "Assembly-CSharp.csproj", "{2DDB8463-F32D-AAAA-8137-21C917670E46}"
EndProject
Project("{FAE04EC0-301F-11D3-BF4B-00C04F79EFBC}") = "Assembly-CSharp-Editor", "Assembly-CSharp-Editor.csproj", "{AC700379-0D14-4D13-69DA-D908EF95BA4A}"
EndProject
Global
	GlobalSection(SolutionConfigurationPlatforms) = preSolution
		Debug|Any CPU = Debug|Any CPU
		Release|Any CPU = Release|Any CPU
	EndGlobalSection
	GlobalSection(ProjectConfigurationPlatforms) = postSolution
		{2DDB8463-F32D-AAAA-8137-21C917670E46}.Debug|Any CPU.ActiveCfg = Debug|Any CPU
		{2DDB8463-F32D-AAAA-8137-21C917670E46}.Debug|Any CPU.Build.0 = Debug|Any CPU
		{2DDB8463-F32D-AAAA-8137-21C917670E46}.Release|Any CPU.ActiveCfg = Release|Any CPU
		{2DDB8463-F32D-AAAA-8137-21C917670E46}.Release|Any CPU.Build.0 = Release|Any CPU
		{AC700379-0D14-4D13-69DA-D908EF95BA4A}.Debug|Any CPU.ActiveCfg = Debug|Any CPU
		{AC700379-0D14-4D13-69DA-D908EF95BA4A}.Debug|Any CPU.Build.0 = Debug|Any CPU
		{AC700379-0D14-4D13-69DA-D908EF95BA4A}.Release|Any CPU.ActiveCfg = Release|Any CPU
		{AC700379-0D14-4D13-69DA-D908EF95BA4A}.Release|Any CPU.Build.0 = Release|Any CPU
	EndGlobalSection
	GlobalSection(SolutionProperties) = preSolution
		HideSolutionNode = FALSE
	EndGlobalSection
EndGlobal
